
Microsoft Visual Studio Solution File, Format Version 12.00
# Visual Studio Version 16
VisualStudioVersion = 16.0.31112.23
MinimumVisualStudioVersion = 10.0.40219.1
Project("{FAE04EC0-301F-11D3-BF4B-00C04F79EFBC}") = "ProjM", "ProjM\ProjM.csproj", "{B43A61C3-D1E9-436E-A7B2-2F0A16BB0FE0}"
EndProject
Global
	GlobalSection(SolutionConfigurationPlatforms) = preSolution
		Debug|Any CPU = Debug|Any CPU
		Release|Any CPU = Release|Any CPU
	EndGlobalSection
	GlobalSection(ProjectConfigurationPlatforms) = postSolution
		{B43A61C3-D1E9-436E-A7B2-2F0A16BB0FE0}.Debug|Any CPU.ActiveCfg = Debug|Any CPU
		{B43A61C3-D1E9-436E-A7B2-2F0A16BB0FE0}.Debug|Any CPU.Build.0 = Debug|Any CPU
		{B43A61C3-D1E9-436E-A7B2-2F0A16BB0FE0}.Release|Any CPU.ActiveCfg = Release|Any CPU
		{B43A61C3-D1E9-436E-A7B2-2F0A16BB0FE0}.Release|Any CPU.Build.0 = Release|Any CPU
	EndGlobalSection
	GlobalSection(SolutionProperties) = preSolution
		HideSolutionNode = FALSE
	EndGlobalSection
	GlobalSection(ExtensibilityGlobals) = postSolution
		SolutionGuid = {9FC8AB8E-B5E8-436B-94ED-431F5AE11648}
	EndGlobalSection
EndGlobal
